
Microsoft Visual Studio Solution File, Format Version 11.00
# Visual Studio 2010
Project("{FAE04EC0-301F-11D3-BF4B-00C04F79EFBC}") = "MySurvey", "MySurvey\MySurvey.csproj", "{ECC56E00-177C-478D-9C61-E016C067B1A3}"
EndProject
Project("{FAE04EC0-301F-11D3-BF4B-00C04F79EFBC}") = "Modelos", "teste\Modelos.csproj", "{CF4BE3AD-0A67-4702-965B-170EBF64EAE0}"
EndProject
Project("{FAE04EC0-301F-11D3-BF4B-00C04F79EFBC}") = "Persistence", "Persistence\Persistence.csproj", "{CDF079F5-2F0E-4597-B9F8-420EB59E655B}"
EndProject
Project("{FAE04EC0-301F-11D3-BF4B-00C04F79EFBC}") = "Service", "Service\Service.csproj", "{C973A2F4-89CE-43E7-AE78-65A3A8E76C63}"
EndProject
Global
	GlobalSection(SolutionConfigurationPlatforms) = preSolution
		Debug|Any CPU = Debug|Any CPU
		Release|Any CPU = Release|Any CPU
	EndGlobalSection
	GlobalSection(ProjectConfigurationPlatforms) = postSolution
		{ECC56E00-177C-478D-9C61-E016C067B1A3}.Debug|Any CPU.ActiveCfg = Debug|Any CPU
		{ECC56E00-177C-478D-9C61-E016C067B1A3}.Debug|Any CPU.Build.0 = Debug|Any CPU
		{ECC56E00-177C-478D-9C61-E016C067B1A3}.Release|Any CPU.ActiveCfg = Release|Any CPU
		{ECC56E00-177C-478D-9C61-E016C067B1A3}.Release|Any CPU.Build.0 = Release|Any CPU
		{CF4BE3AD-0A67-4702-965B-170EBF64EAE0}.Debug|Any CPU.ActiveCfg = Debug|Any CPU
		{CF4BE3AD-0A67-4702-965B-170EBF64EAE0}.Debug|Any CPU.Build.0 = Debug|Any CPU
		{CF4BE3AD-0A67-4702-965B-170EBF64EAE0}.Release|Any CPU.ActiveCfg = Release|Any CPU
		{CF4BE3AD-0A67-4702-965B-170EBF64EAE0}.Release|Any CPU.Build.0 = Release|Any CPU
		{CDF079F5-2F0E-4597-B9F8-420EB59E655B}.Debug|Any CPU.ActiveCfg = Debug|Any CPU
		{CDF079F5-2F0E-4597-B9F8-420EB59E655B}.Debug|Any CPU.Build.0 = Debug|Any CPU
		{CDF079F5-2F0E-4597-B9F8-420EB59E655B}.Release|Any CPU.ActiveCfg = Release|Any CPU
		{CDF079F5-2F0E-4597-B9F8-420EB59E655B}.Release|Any CPU.Build.0 = Release|Any CPU
		{C973A2F4-89CE-43E7-AE78-65A3A8E76C63}.Debug|Any CPU.ActiveCfg = Debug|Any CPU
		{C973A2F4-89CE-43E7-AE78-65A3A8E76C63}.Debug|Any CPU.Build.0 = Debug|Any CPU
		{C973A2F4-89CE-43E7-AE78-65A3A8E76C63}.Release|Any CPU.ActiveCfg = Release|Any CPU
		{C973A2F4-89CE-43E7-AE78-65A3A8E76C63}.Release|Any CPU.Build.0 = Release|Any CPU
	EndGlobalSection
	GlobalSection(SolutionProperties) = preSolution
		HideSolutionNode = FALSE
	EndGlobalSection
EndGlobal
